
Microsoft Visual Studio Solution File, Format Version 12.00
# Visual Studio 2013
VisualStudioVersion = 12.0.31101.0
MinimumVisualStudioVersion = 10.0.40219.1
Project("{9092AA53-FB77-4645-B42D-1CCCA6BD08BD}") = "TechReadyTweets", "TechReadyTweets.njsproj", "{03C3488B-6EAF-4ED2-A119-E406B3ACAE22}"
EndProject
Global
	GlobalSection(SolutionConfigurationPlatforms) = preSolution
		Debug|Any CPU = Debug|Any CPU
		Release|Any CPU = Release|Any CPU
	EndGlobalSection
	GlobalSection(ProjectConfigurationPlatforms) = postSolution
		{03C3488B-6EAF-4ED2-A119-E406B3ACAE22}.Debug|Any CPU.ActiveCfg = Debug|Any CPU
		{03C3488B-6EAF-4ED2-A119-E406B3ACAE22}.Debug|Any CPU.Build.0 = Debug|Any CPU
		{03C3488B-6EAF-4ED2-A119-E406B3ACAE22}.Release|Any CPU.ActiveCfg = Release|Any CPU
		{03C3488B-6EAF-4ED2-A119-E406B3ACAE22}.Release|Any CPU.Build.0 = Release|Any CPU
	EndGlobalSection
	GlobalSection(SolutionProperties) = preSolution
		HideSolutionNode = FALSE
	EndGlobalSection
EndGlobal
